
Microsoft Visual Studio Solution File, Format Version 12.00
# Visual Studio Version 17
VisualStudioVersion = 17.4.33122.133
MinimumVisualStudioVersion = 10.0.40219.1
Project("{FAE04EC0-301F-11D3-BF4B-00C04F79EFBC}") = "TutorialGuessingGame", "TutorialGuessingGame\TutorialGuessingGame.csproj", "{535554FC-61B5-4B70-926E-C7306AD76CE1}"
EndProject
Global
	GlobalSection(SolutionConfigurationPlatforms) = preSolution
		Debug|Any CPU = Debug|Any CPU
		Release|Any CPU = Release|Any CPU
	EndGlobalSection
	GlobalSection(ProjectConfigurationPlatforms) = postSolution
		{535554FC-61B5-4B70-926E-C7306AD76CE1}.Debug|Any CPU.ActiveCfg = Debug|Any CPU
		{535554FC-61B5-4B70-926E-C7306AD76CE1}.Debug|Any CPU.Build.0 = Debug|Any CPU
		{535554FC-61B5-4B70-926E-C7306AD76CE1}.Release|Any CPU.ActiveCfg = Release|Any CPU
		{535554FC-61B5-4B70-926E-C7306AD76CE1}.Release|Any CPU.Build.0 = Release|Any CPU
	EndGlobalSection
	GlobalSection(SolutionProperties) = preSolution
		HideSolutionNode = FALSE
	EndGlobalSection
	GlobalSection(ExtensibilityGlobals) = postSolution
		SolutionGuid = {598C87D1-3CC1-4068-B50C-372004CE7F4C}
	EndGlobalSection
EndGlobal
